Microsoft Visual Studio Solution File, Format Version 12.00
# Visual Studio 14
VisualStudioVersion = 14.0.25123.0
MinimumVisualStudioVersion = 10.0.40219.1
Project("{F2A71F9B-5D33-465A-A702-920D77279786}") = "UnitOfWork.NET.EntityFramework.FS", "UnitOfWork.NET.EntityFramework.FS\UnitOfWork.NET.EntityFramework.FS.fsproj", "{B5404C21-4CAC-40A4-A893-3A76B8EFB811}"
EndProject
Project("{F2A71F9B-5D33-465A-A702-920D77279786}") = "UnitOfWork.NET.EntityFramework.FS.NUnit", "UnitOfWork.NET.EntityFramework.FS.NUnit\UnitOfWork.NET.EntityFramework.FS.NUnit.fsproj", "{B4BC9105-3593-4A37-903E-F713B2977002}"
EndProject
Project("{FAE04EC0-301F-11D3-BF4B-00C04F79EFBC}") = "UnitOfWork.NET.EntityFramework.NUnit.Data", "UnitOfWork.NET.EntityFramework.NUnit.Data\UnitOfWork.NET.EntityFramework.NUnit.Data.csproj", "{2100B07C-FA1D-4A34-8698-8DA3AC661898}"
EndProject
Project("{FAE04EC0-301F-11D3-BF4B-00C04F79EFBC}") = "UnitOfWork.NET.EntityFramework", "UnitOfWork.NET.EntityFramework\UnitOfWork.NET.EntityFramework.csproj", "{A4249514-8CF4-46BB-9513-42B98CE59F53}"
EndProject
Global
	GlobalSection(SolutionConfigurationPlatforms) = preSolution
		Debug|Any CPU = Debug|Any CPU
		Release|Any CPU = Release|Any CPU
	EndGlobalSection
	GlobalSection(ProjectConfigurationPlatforms) = postSolution
		{B5404C21-4CAC-40A4-A893-3A76B8EFB811}.Debug|Any CPU.ActiveCfg = Debug|Any CPU
		{B5404C21-4CAC-40A4-A893-3A76B8EFB811}.Debug|Any CPU.Build.0 = Debug|Any CPU
		{B5404C21-4CAC-40A4-A893-3A76B8EFB811}.Release|Any CPU.ActiveCfg = Release|Any CPU
		{B5404C21-4CAC-40A4-A893-3A76B8EFB811}.Release|Any CPU.Build.0 = Release|Any CPU
		{B4BC9105-3593-4A37-903E-F713B2977002}.Debug|Any CPU.ActiveCfg = Debug|Any CPU
		{B4BC9105-3593-4A37-903E-F713B2977002}.Debug|Any CPU.Build.0 = Debug|Any CPU
		{B4BC9105-3593-4A37-903E-F713B2977002}.Release|Any CPU.ActiveCfg = Release|Any CPU
		{B4BC9105-3593-4A37-903E-F713B2977002}.Release|Any CPU.Build.0 = Release|Any CPU
		{2100B07C-FA1D-4A34-8698-8DA3AC661898}.Debug|Any CPU.ActiveCfg = Debug|Any CPU
		{2100B07C-FA1D-4A34-8698-8DA3AC661898}.Debug|Any CPU.Build.0 = Debug|Any CPU
		{2100B07C-FA1D-4A34-8698-8DA3AC661898}.Release|Any CPU.ActiveCfg = Release|Any CPU
		{2100B07C-FA1D-4A34-8698-8DA3AC661898}.Release|Any CPU.Build.0 = Release|Any CPU
		{A4249514-8CF4-46BB-9513-42B98CE59F53}.Debug|Any CPU.ActiveCfg = Debug|Any CPU
		{A4249514-8CF4-46BB-9513-42B98CE59F53}.Debug|Any CPU.Build.0 = Debug|Any CPU
		{A4249514-8CF4-46BB-9513-42B98CE59F53}.Release|Any CPU.ActiveCfg = Release|Any CPU
		{A4249514-8CF4-46BB-9513-42B98CE59F53}.Release|Any CPU.Build.0 = Release|Any CPU
	EndGlobalSection
	GlobalSection(SolutionProperties) = preSolution
		HideSolutionNode = FALSE
	EndGlobalSection
EndGlobal
